
Microsoft Visual Studio Solution File, Format Version 12.00
Project("{FAE04EC0-301F-11D3-BF4B-00C04F79EFBC}") = "RealtimeChat.API", "RealtimeChat.API\RealtimeChat.API.csproj", "{BE12EB78-74DF-46BA-ABBE-66AFB6849D65}"
EndProject
Project("{FAE04EC0-301F-11D3-BF4B-00C04F79EFBC}") = "RealtimeChat.Infrastructure.DB", "RealtimeChat.Infrastructure.DB\RealtimeChat.Infrastructure.DB.csproj", "{3FC1B717-FC4A-490E-A127-64E0E283D0BB}"
EndProject
Project("{FAE04EC0-301F-11D3-BF4B-00C04F79EFBC}") = "RealtimeChat.Infrastructure.DB.Migrations", "RealtimeChat.Infrastructure.DB.Migrations\RealtimeChat.Infrastructure.DB.Migrations.csproj", "{98B1829F-22B8-4ECC-870E-2F69CAA15A3D}"
EndProject
Project("{FAE04EC0-301F-11D3-BF4B-00C04F79EFBC}") = "RealtimeChat.Domain", "RealtimeChat.Domain\RealtimeChat.Domain.csproj", "{09E57A13-591A-4F3C-BEF2-1936E9FC0DFB}"
EndProject
Project("{FAE04EC0-301F-11D3-BF4B-00C04F79EFBC}") = "RealtimeChat.Persistence.DB", "RealtimeChat.Persistence.DB\RealtimeChat.Persistence.DB.csproj", "{4F025A87-9867-4937-A356-7135DE077AB6}"
EndProject
Project("{FAE04EC0-301F-11D3-BF4B-00C04F79EFBC}") = "RealtimeChat.Mapping", "RealtimeChat.Mapping\RealtimeChat.Mapping.csproj", "{F3B642CE-57EC-4BBE-B13D-E9095723AE8F}"
EndProject
Project("{FAE04EC0-301F-11D3-BF4B-00C04F79EFBC}") = "RealtimeChat.Persistence.GraphQL", "RealtimeChat.Persistence.GraphQL\RealtimeChat.Persistence.GraphQL.csproj", "{C98FED32-BAB0-4441-9B0F-4568D04E8677}"
EndProject
Project("{FAE04EC0-301F-11D3-BF4B-00C04F79EFBC}") = "RealtimeChat.Persistence.Repositories", "RealtimeChat.Persistence.Repositories\RealtimeChat.Persistence.Repositories.csproj", "{8E448485-10FE-44D4-9A83-EF0A9B556D73}"
EndProject
Project("{FAE04EC0-301F-11D3-BF4B-00C04F79EFBC}") = "RealtimeChat.Infrastructure.GraphQL", "RealtimeChat.Infrastructure.GraphQL\RealtimeChat.Infrastructure.GraphQL.csproj", "{EDE16214-EFBD-4C96-973A-2B10F675B131}"
EndProject
Global
	GlobalSection(SolutionConfigurationPlatforms) = preSolution
		Debug|Any CPU = Debug|Any CPU
		Release|Any CPU = Release|Any CPU
	EndGlobalSection
	GlobalSection(ProjectConfigurationPlatforms) = postSolution
		{BE12EB78-74DF-46BA-ABBE-66AFB6849D65}.Debug|Any CPU.ActiveCfg = Debug|Any CPU
		{BE12EB78-74DF-46BA-ABBE-66AFB6849D65}.Debug|Any CPU.Build.0 = Debug|Any CPU
		{BE12EB78-74DF-46BA-ABBE-66AFB6849D65}.Release|Any CPU.ActiveCfg = Release|Any CPU
		{BE12EB78-74DF-46BA-ABBE-66AFB6849D65}.Release|Any CPU.Build.0 = Release|Any CPU
		{3FC1B717-FC4A-490E-A127-64E0E283D0BB}.Debug|Any CPU.ActiveCfg = Debug|Any CPU
		{3FC1B717-FC4A-490E-A127-64E0E283D0BB}.Debug|Any CPU.Build.0 = Debug|Any CPU
		{3FC1B717-FC4A-490E-A127-64E0E283D0BB}.Release|Any CPU.ActiveCfg = Release|Any CPU
		{3FC1B717-FC4A-490E-A127-64E0E283D0BB}.Release|Any CPU.Build.0 = Release|Any CPU
		{98B1829F-22B8-4ECC-870E-2F69CAA15A3D}.Debug|Any CPU.ActiveCfg = Debug|Any CPU
		{98B1829F-22B8-4ECC-870E-2F69CAA15A3D}.Debug|Any CPU.Build.0 = Debug|Any CPU
		{98B1829F-22B8-4ECC-870E-2F69CAA15A3D}.Release|Any CPU.ActiveCfg = Release|Any CPU
		{98B1829F-22B8-4ECC-870E-2F69CAA15A3D}.Release|Any CPU.Build.0 = Release|Any CPU
		{09E57A13-591A-4F3C-BEF2-1936E9FC0DFB}.Debug|Any CPU.ActiveCfg = Debug|Any CPU
		{09E57A13-591A-4F3C-BEF2-1936E9FC0DFB}.Debug|Any CPU.Build.0 = Debug|Any CPU
		{09E57A13-591A-4F3C-BEF2-1936E9FC0DFB}.Release|Any CPU.ActiveCfg = Release|Any CPU
		{09E57A13-591A-4F3C-BEF2-1936E9FC0DFB}.Release|Any CPU.Build.0 = Release|Any CPU
		{4F025A87-9867-4937-A356-7135DE077AB6}.Debug|Any CPU.ActiveCfg = Debug|Any CPU
		{4F025A87-9867-4937-A356-7135DE077AB6}.Debug|Any CPU.Build.0 = Debug|Any CPU
		{4F025A87-9867-4937-A356-7135DE077AB6}.Release|Any CPU.ActiveCfg = Release|Any CPU
		{4F025A87-9867-4937-A356-7135DE077AB6}.Release|Any CPU.Build.0 = Release|Any CPU
		{F3B642CE-57EC-4BBE-B13D-E9095723AE8F}.Debug|Any CPU.ActiveCfg = Debug|Any CPU
		{F3B642CE-57EC-4BBE-B13D-E9095723AE8F}.Debug|Any CPU.Build.0 = Debug|Any CPU
		{F3B642CE-57EC-4BBE-B13D-E9095723AE8F}.Release|Any CPU.ActiveCfg = Release|Any CPU
		{F3B642CE-57EC-4BBE-B13D-E9095723AE8F}.Release|Any CPU.Build.0 = Release|Any CPU
		{C98FED32-BAB0-4441-9B0F-4568D04E8677}.Debug|Any CPU.ActiveCfg = Debug|Any CPU
		{C98FED32-BAB0-4441-9B0F-4568D04E8677}.Debug|Any CPU.Build.0 = Debug|Any CPU
		{C98FED32-BAB0-4441-9B0F-4568D04E8677}.Release|Any CPU.ActiveCfg = Release|Any CPU
		{C98FED32-BAB0-4441-9B0F-4568D04E8677}.Release|Any CPU.Build.0 = Release|Any CPU
		{8E448485-10FE-44D4-9A83-EF0A9B556D73}.Debug|Any CPU.ActiveCfg = Debug|Any CPU
		{8E448485-10FE-44D4-9A83-EF0A9B556D73}.Debug|Any CPU.Build.0 = Debug|Any CPU
		{8E448485-10FE-44D4-9A83-EF0A9B556D73}.Release|Any CPU.ActiveCfg = Release|Any CPU
		{8E448485-10FE-44D4-9A83-EF0A9B556D73}.Release|Any CPU.Build.0 = Release|Any CPU
		{EDE16214-EFBD-4C96-973A-2B10F675B131}.Debug|Any CPU.ActiveCfg = Debug|Any CPU
		{EDE16214-EFBD-4C96-973A-2B10F675B131}.Debug|Any CPU.Build.0 = Debug|Any CPU
		{EDE16214-EFBD-4C96-973A-2B10F675B131}.Release|Any CPU.ActiveCfg = Release|Any CPU
		{EDE16214-EFBD-4C96-973A-2B10F675B131}.Release|Any CPU.Build.0 = Release|Any CPU
	EndGlobalSection
EndGlobal
